{
  "name": "src",
  "lockfileVersion": 3,
  "requires": true,
  "packages": {
    "": {
      "dependencies": {
        "@cloudinary/react": "^1.11.2",
        "@cloudinary/url-gen": "^1.10.1",
        "react-icons": "^4.10.1"
      }
    },
    "node_modules/@cloudinary/html": {
      "version": "1.11.2",
      "resolved": "https://registry.npmjs.org/@cloudinary/html/-/html-1.11.2.tgz",
      "integrity": "sha512-IibBZliI7MOK3dxvz0WlsEyTIsqZhY3SiCBQM0CNwCKxn3N1TO8OgetfU26Now1lJbdoF5JQ8S7Cn6ZWNuU1KA==",
      "dependencies": {
        "@types/lodash.clonedeep": "^4.5.6",
        "@types/lodash.debounce": "^4.0.6",
        "@types/node": "^14.14.10",
        "lodash.clonedeep": "^4.5.0",
        "lodash.debounce": "^4.0.8",
        "typescript": "^4.1.2"
      }
    },
    "node_modules/@cloudinary/react": {
      "version": "1.11.2",
      "resolved": "https://registry.npmjs.org/@cloudinary/react/-/react-1.11.2.tgz",
      "integrity": "sha512-ZnVthMW7TExLMPmyven4N7EVr2oX2yZqnHn6EHBlni9iM0AZd6qtR8R5/SscxNLNwgBieWuvmejUlUT4LqPpMg==",
      "dependencies": {
        "@cloudinary/html": "^1.11.2"
      },
      "engines": {
        "node": ">=10"
      },
      "peerDependencies": {
        "react": "^16.3.0 || ^17.0.0 || ^18.0.0"
      }
    },
    "node_modules/@cloudinary/transformation-builder-sdk": {
      "version": "1.2.9",
      "resolved": "https://registry.npmjs.org/@cloudinary/transformation-builder-sdk/-/transformation-builder-sdk-1.2.9.tgz",
      "integrity": "sha512-qbLAfKhX4hy5tFPv4erpxdBT9x0GZgzDuMeDBIygqutNJTeB7lNuEZedf8X++0ZinkDccrJwXzDJty60MEfyHw==",
      "dependencies": {
        "@cloudinary/url-gen": "^1.7.0"
      }
    },
    "node_modules/@cloudinary/url-gen": {
      "version": "1.10.1",
      "resolved": "https://registry.npmjs.org/@cloudinary/url-gen/-/url-gen-1.10.1.tgz",
      "integrity": "sha512-6pBmapnL7G231NbNWhKbi+08HcpNASci7M3OmZWaUCQWUfdmo3au27HT3Zqg9NMsisfyer3t7o0RXzPQ4XlmMg==",
      "dependencies": {
        "@cloudinary/transformation-builder-sdk": "^1.2.7"
      }
    },
    "node_modules/@types/lodash": {
      "version": "4.14.195",
      "resolved": "https://registry.npmjs.org/@types/lodash/-/lodash-4.14.195.tgz",
      "integrity": "sha512-Hwx9EUgdwf2GLarOjQp5ZH8ZmblzcbTBC2wtQWNKARBSxM9ezRIAUpeDTgoQRAFB0+8CNWXVA9+MaSOzOF3nPg=="
    },
    "node_modules/@types/lodash.clonedeep": {
      "version": "4.5.7",
      "resolved": "https://registry.npmjs.org/@types/lodash.clonedeep/-/lodash.clonedeep-4.5.7.tgz",
      "integrity": "sha512-ccNqkPptFIXrpVqUECi60/DFxjNKsfoQxSQsgcBJCX/fuX1wgyQieojkcWH/KpE3xzLoWN/2k+ZeGqIN3paSvw==",
      "dependencies": {
        "@types/lodash": "*"
      }
    },
    "node_modules/@types/lodash.debounce": {
      "version": "4.0.7",
      "resolved": "https://registry.npmjs.org/@types/lodash.debounce/-/lodash.debounce-4.0.7.tgz",
      "integrity": "sha512-X1T4wMZ+gT000M2/91SYj0d/7JfeNZ9PeeOldSNoE/lunLeQXKvkmIumI29IaKMotU/ln/McOIvgzZcQ/3TrSA==",
      "dependencies": {
        "@types/lodash": "*"
      }
    },
    "node_modules/@types/node": {
      "version": "14.18.51",
      "resolved": "https://registry.npmjs.org/@types/node/-/node-14.18.51.tgz",
      "integrity": "sha512-P9bsdGFPpVtofEKlhWMVS2qqx1A/rt9QBfihWlklfHHpUpjtYse5AzFz6j4DWrARLYh6gRnw9+5+DJcrq3KvBA=="
    },
    "node_modules/js-tokens": {
      "version": "4.0.0",
      "resolved": "https://registry.npmjs.org/js-tokens/-/js-tokens-4.0.0.tgz",
      "integrity": "sha512-RdJUflcE3cUzKiMqQgsCu06FPu9UdIJO0beYbPhHN4k6apgJtifcoCtT9bcxOpYBtpD2kCM6Sbzg4CausW/PKQ==",
      "peer": true
    },
    "node_modules/lodash.clonedeep": {
      "version": "4.5.0",
      "resolved": "https://registry.npmjs.org/lodash.clonedeep/-/lodash.clonedeep-4.5.0.tgz",
      "integrity": "sha512-H5ZhCF25riFd9uB5UCkVKo61m3S/xZk1x4wA6yp/L3RFP6Z/eHH1ymQcGLo7J3GMPfm0V/7m1tryHuGVxpqEBQ=="
    },
    "node_modules/lodash.debounce": {
      "version": "4.0.8",
      "resolved": "https://registry.npmjs.org/lodash.debounce/-/lodash.debounce-4.0.8.tgz",
      "integrity": "sha512-FT1yDzDYEoYWhnSGnpE/4Kj1fLZkDFyqRb7fNt6FdYOSxlUWAtp42Eh6Wb0rGIv/m9Bgo7x4GhQbm5Ys4SG5ow=="
    },
    "node_modules/loose-envify": {
      "version": "1.4.0",
      "resolved": "https://registry.npmjs.org/loose-envify/-/loose-envify-1.4.0.tgz",
      "integrity": "sha512-lyuxPGr/Wfhrlem2CL/UcnUc1zcqKAImBDzukY7Y5F/yQiNdko6+fRLevlw1HgMySw7f611UIY408EtxRSoK3Q==",
      "peer": true,
      "dependencies": {
        "js-tokens": "^3.0.0 || ^4.0.0"
      },
      "bin": {
        "loose-envify": "cli.js"
      }
    },
    "node_modules/react": {
      "version": "18.2.0",
      "resolved": "https://registry.npmjs.org/react/-/react-18.2.0.tgz",
      "integrity": "sha512-/3IjMdb2L9QbBdWiW5e3P2/npwMBaU9mHCSCUzNln0ZCYbcfTsGbTJrU/kGemdH2IWmB2ioZ+zkxtmq6g09fGQ==",
      "peer": true,
      "dependencies": {
        "loose-envify": "^1.1.0"
      },
      "engines": {
        "node": ">=0.10.0"
      }
    },
    "node_modules/react-icons": {
      "version": "4.10.1",
      "resolved": "https://registry.npmjs.org/react-icons/-/react-icons-4.10.1.tgz",
      "integrity": "sha512-/ngzDP/77tlCfqthiiGNZeYFACw85fUjZtLbedmJ5DTlNDIwETxhwBzdOJ21zj4iJdvc0J3y7yOsX3PpxAJzrw==",
      "peerDependencies": {
        "react": "*"
      }
    },
    "node_modules/typescript": {
      "version": "4.9.5",
      "resolved": "https://registry.npmjs.org/typescript/-/typescript-4.9.5.tgz",
      "integrity": "sha512-1FXk9E2Hm+QzZQ7z+McJiHL4NW1F2EzMu9Nq9i3zAaGqibafqYwCVU6WyWAuyQRRzOlxou8xZSyXLEN8oKj24g==",
      "bin": {
        "tsc": "bin/tsc",
        "tsserver": "bin/tsserver"
      },
      "engines": {
        "node": ">=4.2.0"
      }
    }
  }
}
